// !$*UTF8*$!
{
	archiveVersion = 1;
	classes = {
	};
	objectVersion = 50;
	objects = {

/* Begin PBXBuildFile section */
		EF530E8B24F7C1FF00D3EC89 /* CoreMediaIO.framework in Frameworks */ = {isa = PBXBuildFile; fileRef = EF530E8A24F7C1FF00D3EC89 /* CoreMediaIO.framework */; };
		EF530E8E24F7C2F000D3EC89 /* Main.swift in Sources */ = {isa = PBXBuildFile; fileRef = EF530E8D24F7C2F000D3EC89 /* Main.swift */; };
		EF530E9124F7C53700D3EC89 /* PluginInterface.swift in Sources */ = {isa = PBXBuildFile; fileRef = EF530E9024F7C53700D3EC89 /* PluginInterface.swift */; };
		EF530E9324F7C5E200D3EC89 /* Device.swift in Sources */ = {isa = PBXBuildFile; fileRef = EF530E9224F7C5E200D3EC89 /* Device.swift */; };
		EF530E9524F7C61D00D3EC89 /* Object.swift in Sources */ = {isa = PBXBuildFile; fileRef = EF530E9424F7C61D00D3EC89 /* Object.swift */; };
		EF530E9724F7C63B00D3EC89 /* Property.swift in Sources */ = {isa = PBXBuildFile; fileRef = EF530E9624F7C63B00D3EC89 /* Property.swift */; };
		EF530E9A24F7C85600D3EC89 /* Plugin.swift in Sources */ = {isa = PBXBuildFile; fileRef = EF530E9924F7C85600D3EC89 /* Plugin.swift */; };
		EF530E9F24F7C9F800D3EC89 /* CVPixelBuffer+Create.swift in Sources */ = {isa = PBXBuildFile; fileRef = EF530E9E24F7C9F800D3EC89 /* CVPixelBuffer+Create.swift */; };
		EF530EA224F7CA4E00D3EC89 /* Log.swift in Sources */ = {isa = PBXBuildFile; fileRef = EF530EA124F7CA4E00D3EC89 /* Log.swift */; };
		EF530EA424F7CAD600D3EC89 /* Asset.xcassets in Resources */ = {isa = PBXBuildFile; fileRef = EF530EA324F7CAD600D3EC89 /* Asset.xcassets */; };
		EFEFACEE24F7F55D009D96F6 /* AppKit.framework in Frameworks */ = {isa = PBXBuildFile; fileRef = EFEFACED24F7F55C009D96F6 /* AppKit.framework */; };
		EFEFACF024F7F56F009D96F6 /* CoreGraphics.framework in Frameworks */ = {isa = PBXBuildFile; fileRef = EFEFACEF24F7F56E009D96F6 /* CoreGraphics.framework */; };
		EFEFACF224F7F7D8009D96F6 /* Stream.swift in Sources */ = {isa = PBXBuildFile; fileRef = EFEFACF124F7F7D8009D96F6 /* Stream.swift */; };
/* End PBXBuildFile section */

/* Begin PBXFileReference section */
		EF530E8024F7C1D500D3EC89 /* Cobalt.plugin */ = {isa = PBXFileReference; explicitFileType = wrapper.cfbundle; includeInIndex = 0; path = Cobalt.plugin; sourceTree = BUILT_PRODUCTS_DIR; };
		EF530E8324F7C1D500D3EC89 /* Info.plist */ = {isa = PBXFileReference; lastKnownFileType = text.plist.xml; path = Info.plist; sourceTree = "<group>"; };
		EF530E8A24F7C1FF00D3EC89 /* CoreMediaIO.framework */ = {isa = PBXFileReference; lastKnownFileType = wrapper.framework; name = CoreMediaIO.framework; path = System/Library/Frameworks/CoreMediaIO.framework; sourceTree = SDKROOT; };
		EF530E8C24F7C2F000D3EC89 /* Cobalt-Bridging-Header.h */ = {isa = PBXFileReference; lastKnownFileType = sourcecode.c.h; path = "Cobalt-Bridging-Header.h"; sourceTree = "<group>"; };
		EF530E8D24F7C2F000D3EC89 /* Main.swift */ = {isa = PBXFileReference; lastKnownFileType = sourcecode.swift; path = Main.swift; sourceTree = "<group>"; };
		EF530E9024F7C53700D3EC89 /* PluginInterface.swift */ = {isa = PBXFileReference; lastKnownFileType = sourcecode.swift; path = PluginInterface.swift; sourceTree = "<group>"; };
		EF530E9224F7C5E200D3EC89 /* Device.swift */ = {isa = PBXFileReference; lastKnownFileType = sourcecode.swift; path = Device.swift; sourceTree = "<group>"; };
		EF530E9424F7C61D00D3EC89 /* Object.swift */ = {isa = PBXFileReference; lastKnownFileType = sourcecode.swift; path = Object.swift; sourceTree = "<group>"; };
		EF530E9624F7C63B00D3EC89 /* Property.swift */ = {isa = PBXFileReference; lastKnownFileType = sourcecode.swift; path = Property.swift; sourceTree = "<group>"; };
		EF530E9924F7C85600D3EC89 /* Plugin.swift */ = {isa = PBXFileReference; lastKnownFileType = sourcecode.swift; path = Plugin.swift; sourceTree = "<group>"; };
		EF530E9E24F7C9F800D3EC89 /* CVPixelBuffer+Create.swift */ = {isa = PBXFileReference; lastKnownFileType = sourcecode.swift; path = "CVPixelBuffer+Create.swift"; sourceTree = "<group>"; };
		EF530EA124F7CA4E00D3EC89 /* Log.swift */ = {isa = PBXFileReference; lastKnownFileType = sourcecode.swift; path = Log.swift; sourceTree = "<group>"; };
		EF530EA324F7CAD600D3EC89 /* Asset.xcassets */ = {isa = PBXFileReference; lastKnownFileType = folder.assetcatalog; path = Asset.xcassets; sourceTree = "<group>"; };
		EFEFACED24F7F55C009D96F6 /* AppKit.framework */ = {isa = PBXFileReference; lastKnownFileType = wrapper.framework; name = AppKit.framework; path = System/Library/Frameworks/AppKit.framework; sourceTree = SDKROOT; };
		EFEFACEF24F7F56E009D96F6 /* CoreGraphics.framework */ = {isa = PBXFileReference; lastKnownFileType = wrapper.framework; name = CoreGraphics.framework; path = System/Library/Frameworks/CoreGraphics.framework; sourceTree = SDKROOT; };
		EFEFACF124F7F7D8009D96F6 /* Stream.swift */ = {isa = PBXFileReference; fileEncoding = 4; lastKnownFileType = sourcecode.swift; path = Stream.swift; sourceTree = "<group>"; };
/* End PBXFileReference section */

/* Begin PBXFrameworksBuildPhase section */
		EF530E7D24F7C1D500D3EC89 /* Frameworks */ = {
			isa = PBXFrameworksBuildPhase;
			buildActionMask = 2147483647;
			files = (
				EFEFACF024F7F56F009D96F6 /* CoreGraphics.framework in Frameworks */,
				EF530E8B24F7C1FF00D3EC89 /* CoreMediaIO.framework in Frameworks */,
				EFEFACEE24F7F55D009D96F6 /* AppKit.framework in Frameworks */,
			);
			runOnlyForDeploymentPostprocessing = 0;
		};
/* End PBXFrameworksBuildPhase section */

/* Begin PBXGroup section */
		EF530E7724F7C1D500D3EC89 = {
			isa = PBXGroup;
			children = (
				EF530E8224F7C1D500D3EC89 /* Cobalt */,
				EF530E8124F7C1D500D3EC89 /* Products */,
				EF530E8924F7C1FF00D3EC89 /* Frameworks */,
			);
			sourceTree = "<group>";
		};
		EF530E8124F7C1D500D3EC89 /* Products */ = {
			isa = PBXGroup;
			children = (
				EF530E8024F7C1D500D3EC89 /* Cobalt.plugin */,
			);
			name = Products;
			sourceTree = "<group>";
		};
		EF530E8224F7C1D500D3EC89 /* Cobalt */ = {
			isa = PBXGroup;
			children = (
				EFEFAD2124F85535009D96F6 /* Util */,
				EFEFAD2024F83D9C009D96F6 /* Extensions */,
				EF530E8324F7C1D500D3EC89 /* Info.plist */,
				EF530E8D24F7C2F000D3EC89 /* Main.swift */,
				EF530E9024F7C53700D3EC89 /* PluginInterface.swift */,
				EF530E9924F7C85600D3EC89 /* Plugin.swift */,
				EF530E8C24F7C2F000D3EC89 /* Cobalt-Bridging-Header.h */,
				EF530EA324F7CAD600D3EC89 /* Asset.xcassets */,
			);
			path = Cobalt;
			sourceTree = "<group>";
		};
		EF530E8924F7C1FF00D3EC89 /* Frameworks */ = {
			isa = PBXGroup;
			children = (
				EFEFACEF24F7F56E009D96F6 /* CoreGraphics.framework */,
				EFEFACED24F7F55C009D96F6 /* AppKit.framework */,
				EF530E8A24F7C1FF00D3EC89 /* CoreMediaIO.framework */,
			);
			name = Frameworks;
			sourceTree = "<group>";
		};
		EFEFAD2024F83D9C009D96F6 /* Extensions */ = {
			isa = PBXGroup;
			children = (
				EF530E9E24F7C9F800D3EC89 /* CVPixelBuffer+Create.swift */,
			);
			path = Extensions;
			sourceTree = "<group>";
		};
		EFEFAD2124F85535009D96F6 /* Util */ = {
			isa = PBXGroup;
			children = (
				EF530E9224F7C5E200D3EC89 /* Device.swift */,
				EF530E9424F7C61D00D3EC89 /* Object.swift */,
				EF530E9624F7C63B00D3EC89 /* Property.swift */,
				EF530EA124F7CA4E00D3EC89 /* Log.swift */,
				EFEFACF124F7F7D8009D96F6 /* Stream.swift */,
			);
			path = Util;
			sourceTree = "<group>";
		};
/* End PBXGroup section */

/* Begin PBXNativeTarget section */
		EF530E7F24F7C1D500D3EC89 /* Cobalt */ = {
			isa = PBXNativeTarget;
			buildConfigurationList = EF530E8624F7C1D500D3EC89 /* Build configuration list for PBXNativeTarget "Cobalt" */;
			buildPhases = (
				EF530E7C24F7C1D500D3EC89 /* Sources */,
				EF530E7D24F7C1D500D3EC89 /* Frameworks */,
				EF530E7E24F7C1D500D3EC89 /* Resources */,
			);
			buildRules = (
			);
			dependencies = (
			);
			name = Cobalt;
			productName = Cobalt;
			productReference = EF530E8024F7C1D500D3EC89 /* Cobalt.plugin */;
			productType = "com.apple.product-type.bundle";
		};
/* End PBXNativeTarget section */

/* Begin PBXProject section */
		EF530E7824F7C1D500D3EC89 /* Project object */ = {
			isa = PBXProject;
			attributes = {
				LastUpgradeCheck = 1160;
				ORGANIZATIONNAME = "Bezaleel Ashefor";
				TargetAttributes = {
					EF530E7F24F7C1D500D3EC89 = {
						CreatedOnToolsVersion = 11.6;
						LastSwiftMigration = 1160;
					};
				};
			};
			buildConfigurationList = EF530E7B24F7C1D500D3EC89 /* Build configuration list for PBXProject "Cobalt" */;
			compatibilityVersion = "Xcode 9.3";
			developmentRegion = en;
			hasScannedForEncodings = 0;
			knownRegions = (
				en,
				Base,
			);
			mainGroup = EF530E7724F7C1D500D3EC89;
			productRefGroup = EF530E8124F7C1D500D3EC89 /* Products */;
			projectDirPath = "";
			projectRoot = "";
			targets = (
				EF530E7F24F7C1D500D3EC89 /* Cobalt */,
			);
		};
/* End PBXProject section */

/* Begin PBXResourcesBuildPhase section */
		EF530E7E24F7C1D500D3EC89 /* Resources */ = {
			isa = PBXResourcesBuildPhase;
			buildActionMask = 2147483647;
			files = (
				EF530EA424F7CAD600D3EC89 /* Asset.xcassets in Resources */,
			);
			runOnlyForDeploymentPostprocessing = 0;
		};
/* End PBXResourcesBuildPhase section */

/* Begin PBXSourcesBuildPhase section */
		EF530E7C24F7C1D500D3EC89 /* Sources */ = {
			isa = PBXSourcesBuildPhase;
			buildActionMask = 2147483647;
			files = (
				EF530E9A24F7C85600D3EC89 /* Plugin.swift in Sources */,
				EF530E9724F7C63B00D3EC89 /* Property.swift in Sources */,
				EF530EA224F7CA4E00D3EC89 /* Log.swift in Sources */,
				EF530E9324F7C5E200D3EC89 /* Device.swift in Sources */,
				EF530E9124F7C53700D3EC89 /* PluginInterface.swift in Sources */,
				EF530E9524F7C61D00D3EC89 /* Object.swift in Sources */,
				EF530E9F24F7C9F800D3EC89 /* CVPixelBuffer+Create.swift in Sources */,
				EFEFACF224F7F7D8009D96F6 /* Stream.swift in Sources */,
				EF530E8E24F7C2F000D3EC89 /* Main.swift in Sources */,
			);
			runOnlyForDeploymentPostprocessing = 0;
		};
/* End PBXSourcesBuildPhase section */

/* Begin XCBuildConfiguration section */
		EF530E8424F7C1D500D3EC89 /* Debug */ = {
			isa = XCBuildConfiguration;
			buildSettings = {
				ALWAYS_SEARCH_USER_PATHS = NO;
				CLANG_ANALYZER_NONNULL = YES;
				CLANG_ANALYZER_NUMBER_OBJECT_CONVERSION = YES_AGGRESSIVE;
				CLANG_CXX_LANGUAGE_STANDARD = "gnu++14";
				CLANG_CXX_LIBRARY = "libc++";
				CLANG_ENABLE_MODULES = YES;
				CLANG_ENABLE_OBJC_ARC = YES;
				CLANG_ENABLE_OBJC_WEAK = YES;
				CLANG_WARN_BLOCK_CAPTURE_AUTORELEASING = YES;
				CLANG_WARN_BOOL_CONVERSION = YES;
				CLANG_WARN_COMMA = YES;
				CLANG_WARN_CONSTANT_CONVERSION = YES;
				CLANG_WARN_DEPRECATED_OBJC_IMPLEMENTATIONS = YES;
				CLANG_WARN_DIRECT_OBJC_ISA_USAGE = YES_ERROR;
				CLANG_WARN_DOCUMENTATION_COMMENTS = YES;
				CLANG_WARN_EMPTY_BODY = YES;
				CLANG_WARN_ENUM_CONVERSION = YES;
				CLANG_WARN_INFINITE_RECURSION = YES;
				CLANG_WARN_INT_CONVERSION = YES;
				CLANG_WARN_NON_LITERAL_NULL_CONVERSION = YES;
				CLANG_WARN_OBJC_IMPLICIT_RETAIN_SELF = YES;
				CLANG_WARN_OBJC_LITERAL_CONVERSION = YES;
				CLANG_WARN_OBJC_ROOT_CLASS = YES_ERROR;
				CLANG_WARN_RANGE_LOOP_ANALYSIS = YES;
				CLANG_WARN_STRICT_PROTOTYPES = YES;
				CLANG_WARN_SUSPICIOUS_MOVE = YES;
				CLANG_WARN_UNGUARDED_AVAILABILITY = YES_AGGRESSIVE;
				CLANG_WARN_UNREACHABLE_CODE = YES;
				CLANG_WARN__DUPLICATE_METHOD_MATCH = YES;
				COPY_PHASE_STRIP = NO;
				DEBUG_INFORMATION_FORMAT = dwarf;
				ENABLE_STRICT_OBJC_MSGSEND = YES;
				ENABLE_TESTABILITY = YES;
				GCC_C_LANGUAGE_STANDARD = gnu11;
				GCC_DYNAMIC_NO_PIC = NO;
				GCC_NO_COMMON_BLOCKS = YES;
				GCC_OPTIMIZATION_LEVEL = 0;
				GCC_PREPROCESSOR_DEFINITIONS = (
					"DEBUG=1",
					"$(inherited)",
				);
				GCC_WARN_64_TO_32_BIT_CONVERSION = YES;
				GCC_WARN_ABOUT_RETURN_TYPE = YES_ERROR;
				GCC_WARN_UNDECLARED_SELECTOR = YES;
				GCC_WARN_UNINITIALIZED_AUTOS = YES_AGGRESSIVE;
				GCC_WARN_UNUSED_FUNCTION = YES;
				GCC_WARN_UNUSED_VARIABLE = YES;
				MACOSX_DEPLOYMENT_TARGET = 10.15;
				MTL_ENABLE_DEBUG_INFO = INCLUDE_SOURCE;
				MTL_FAST_MATH = YES;
				ONLY_ACTIVE_ARCH = YES;
				SDKROOT = macosx;
			};
			name = Debug;
		};
		EF530E8524F7C1D500D3EC89 /* Release */ = {
			isa = XCBuildConfiguration;
			buildSettings = {
				ALWAYS_SEARCH_USER_PATHS = NO;
				CLANG_ANALYZER_NONNULL = YES;
				CLANG_ANALYZER_NUMBER_OBJECT_CONVERSION = YES_AGGRESSIVE;
				CLANG_CXX_LANGUAGE_STANDARD = "gnu++14";
				CLANG_CXX_LIBRARY = "libc++";
				CLANG_ENABLE_MODULES = YES;
				CLANG_ENABLE_OBJC_ARC = YES;
				CLANG_ENABLE_OBJC_WEAK = YES;
				CLANG_WARN_BLOCK_CAPTURE_AUTORELEASING = YES;
				CLANG_WARN_BOOL_CONVERSION = YES;
				CLANG_WARN_COMMA = YES;
				CLANG_WARN_CONSTANT_CONVERSION = YES;
				CLANG_WARN_DEPRECATED_OBJC_IMPLEMENTATIONS = YES;
				CLANG_WARN_DIRECT_OBJC_ISA_USAGE = YES_ERROR;
				CLANG_WARN_DOCUMENTATION_COMMENTS = YES;
				CLANG_WARN_EMPTY_BODY = YES;
				CLANG_WARN_ENUM_CONVERSION = YES;
				CLANG_WARN_INFINITE_RECURSION = YES;
				CLANG_WARN_INT_CONVERSION = YES;
				CLANG_WARN_NON_LITERAL_NULL_CONVERSION = YES;
				CLANG_WARN_OBJC_IMPLICIT_RETAIN_SELF = YES;
				CLANG_WARN_OBJC_LITERAL_CONVERSION = YES;
				CLANG_WARN_OBJC_ROOT_CLASS = YES_ERROR;
				CLANG_WARN_RANGE_LOOP_ANALYSIS = YES;
				CLANG_WARN_STRICT_PROTOTYPES = YES;
				CLANG_WARN_SUSPICIOUS_MOVE = YES;
				CLANG_WARN_UNGUARDED_AVAILABILITY = YES_AGGRESSIVE;
				CLANG_WARN_UNREACHABLE_CODE = YES;
				CLANG_WARN__DUPLICATE_METHOD_MATCH = YES;
				COPY_PHASE_STRIP = NO;
				DEBUG_INFORMATION_FORMAT = "dwarf-with-dsym";
				ENABLE_NS_ASSERTIONS = NO;
				ENABLE_STRICT_OBJC_MSGSEND = YES;
				GCC_C_LANGUAGE_STANDARD = gnu11;
				GCC_NO_COMMON_BLOCKS = YES;
				GCC_WARN_64_TO_32_BIT_CONVERSION = YES;
				GCC_WARN_ABOUT_RETURN_TYPE = YES_ERROR;
				GCC_WARN_UNDECLARED_SELECTOR = YES;
				GCC_WARN_UNINITIALIZED_AUTOS = YES_AGGRESSIVE;
				GCC_WARN_UNUSED_FUNCTION = YES;
				GCC_WARN_UNUSED_VARIABLE = YES;
				MACOSX_DEPLOYMENT_TARGET = 10.15;
				MTL_ENABLE_DEBUG_INFO = NO;
				MTL_FAST_MATH = YES;
				SDKROOT = macosx;
			};
			name = Release;
		};
		EF530E8724F7C1D500D3EC89 /* Debug */ = {
			isa = XCBuildConfiguration;
			buildSettings = {
				CLANG_ENABLE_MODULES = YES;
				CODE_SIGN_IDENTITY = "Apple Development";
				CODE_SIGN_STYLE = Automatic;
				COMBINE_HIDPI_IMAGES = YES;
				DEVELOPMENT_ASSET_PATHS = Cobalt/Asset.xcassets;
				DEVELOPMENT_TEAM = KPGYDGPJU8;
				INFOPLIST_FILE = Cobalt/Info.plist;
				INSTALL_PATH = "$(LOCAL_LIBRARY_DIR)/Bundles";
				LD_RUNPATH_SEARCH_PATHS = (
					"$(inherited)",
					"@executable_path/../Frameworks",
					"@loader_path/../Frameworks",
				);
				PRODUCT_BUNDLE_IDENTIFIER = com.ephod.cobaltosx.Cobalt;
				PRODUCT_NAME = "$(TARGET_NAME)";
				SKIP_INSTALL = YES;
				SWIFT_OBJC_BRIDGING_HEADER = "Cobalt/Cobalt-Bridging-Header.h";
				SWIFT_OPTIMIZATION_LEVEL = "-Onone";
				SWIFT_VERSION = 5.0;
				WRAPPER_EXTENSION = plugin;
			};
			name = Debug;
		};
		EF530E8824F7C1D500D3EC89 /* Release */ = {
			isa = XCBuildConfiguration;
			buildSettings = {
				CLANG_ENABLE_MODULES = YES;
				CODE_SIGN_IDENTITY = "Apple Development";
				CODE_SIGN_STYLE = Automatic;
				COMBINE_HIDPI_IMAGES = YES;
				DEVELOPMENT_ASSET_PATHS = Cobalt/Asset.xcassets;
				DEVELOPMENT_TEAM = KPGYDGPJU8;
				INFOPLIST_FILE = Cobalt/Info.plist;
				INSTALL_PATH = "$(LOCAL_LIBRARY_DIR)/Bundles";
				LD_RUNPATH_SEARCH_PATHS = (
					"$(inherited)",
					"@executable_path/../Frameworks",
					"@loader_path/../Frameworks",
				);
				PRODUCT_BUNDLE_IDENTIFIER = com.ephod.cobaltosx.Cobalt;
				PRODUCT_NAME = "$(TARGET_NAME)";
				SKIP_INSTALL = YES;
				SWIFT_OBJC_BRIDGING_HEADER = "Cobalt/Cobalt-Bridging-Header.h";
				SWIFT_VERSION = 5.0;
				WRAPPER_EXTENSION = plugin;
			};
			name = Release;
		};
/* End XCBuildConfiguration section */

/* Begin XCConfigurationList section */
		EF530E7B24F7C1D500D3EC89 /* Build configuration list for PBXProject "Cobalt" */ = {
			isa = XCConfigurationList;
			buildConfigurations = (
				EF530E8424F7C1D500D3EC89 /* Debug */,
				EF530E8524F7C1D500D3EC89 /* Release */,
			);
			defaultConfigurationIsVisible = 0;
			defaultConfigurationName = Release;
		};
		EF530E8624F7C1D500D3EC89 /* Build configuration list for PBXNativeTarget "Cobalt" */ = {
			isa = XCConfigurationList;
			buildConfigurations = (
				EF530E8724F7C1D500D3EC89 /* Debug */,
				EF530E8824F7C1D500D3EC89 /* Release */,
			);
			defaultConfigurationIsVisible = 0;
			defaultConfigurationName = Release;
		};
/* End XCConfigurationList section */
	};
	rootObject = EF530E7824F7C1D500D3EC89 /* Project object */;
}
